
Microsoft Visual Studio Solution File, Format Version 12.00
# Visual Studio Version 17
VisualStudioVersion = 17.7.34024.191
MinimumVisualStudioVersion = 10.0.40219.1
Project("{FAE04EC0-301F-11D3-BF4B-00C04F79EFBC}") = "BoxAPI", "BoxAPI\BoxAPI.csproj", "{4BAE3595-06AD-44B5-A247-5303989FCF36}"
EndProject
Global
	GlobalSection(SolutionConfigurationPlatforms) = preSolution
		Debug|Any CPU = Debug|Any CPU
		Release|Any CPU = Release|Any CPU
	EndGlobalSection
	GlobalSection(ProjectConfigurationPlatforms) = postSolution
		{4BAE3595-06AD-44B5-A247-5303989FCF36}.Debug|Any CPU.ActiveCfg = Debug|Any CPU
		{4BAE3595-06AD-44B5-A247-5303989FCF36}.Debug|Any CPU.Build.0 = Debug|Any CPU
		{4BAE3595-06AD-44B5-A247-5303989FCF36}.Release|Any CPU.ActiveCfg = Release|Any CPU
		{4BAE3595-06AD-44B5-A247-5303989FCF36}.Release|Any CPU.Build.0 = Release|Any CPU
	EndGlobalSection
	GlobalSection(SolutionProperties) = preSolution
		HideSolutionNode = FALSE
	EndGlobalSection
	GlobalSection(ExtensibilityGlobals) = postSolution
		SolutionGuid = {C9854881-EB5E-4957-97E5-7458E920F84B}
	EndGlobalSection
EndGlobal
